
Microsoft Visual Studio Solution File, Format Version 12.00
# Visual Studio 15
VisualStudioVersion = 15.0.26730.16
MinimumVisualStudioVersion = 10.0.40219.1
Project("{FAE04EC0-301F-11D3-BF4B-00C04F79EFBC}") = "MyPetShop", "MyPetShop\MyPetShop.csproj", "{17BD7BBA-8EAA-4A8A-B2EF-901A0ADED8F5}"
EndProject
Global
	GlobalSection(SolutionConfigurationPlatforms) = preSolution
		Debug|Any CPU = Debug|Any CPU
		Release|Any CPU = Release|Any CPU
	EndGlobalSection
	GlobalSection(ProjectConfigurationPlatforms) = postSolution
		{17BD7BBA-8EAA-4A8A-B2EF-901A0ADED8F5}.Debug|Any CPU.ActiveCfg = Debug|Any CPU
		{17BD7BBA-8EAA-4A8A-B2EF-901A0ADED8F5}.Debug|Any CPU.Build.0 = Debug|Any CPU
		{17BD7BBA-8EAA-4A8A-B2EF-901A0ADED8F5}.Release|Any CPU.ActiveCfg = Release|Any CPU
		{17BD7BBA-8EAA-4A8A-B2EF-901A0ADED8F5}.Release|Any CPU.Build.0 = Release|Any CPU
	EndGlobalSection
	GlobalSection(SolutionProperties) = preSolution
		HideSolutionNode = FALSE
	EndGlobalSection
	GlobalSection(ExtensibilityGlobals) = postSolution
		SolutionGuid = {2863B977-2BA6-4B4F-A1FF-11D2BFED0CD3}
	EndGlobalSection
EndGlobal
